
Microsoft Visual Studio Solution File, Format Version 12.00
Project("{FAE04EC0-301F-11D3-BF4B-00C04F79EFBC}") = "lab4_is", "lab4_is\lab4_is.csproj", "{62BD4549-1D85-4342-929C-E8F0AC820B1F}"
EndProject
Project("{FAE04EC0-301F-11D3-BF4B-00C04F79EFBC}") = "Lifetime", "Lifetime\Lifetime.csproj", "{DF0C1F72-5E5F-4B57-8FD2-99377896F5F2}"
EndProject
Project("{FAE04EC0-301F-11D3-BF4B-00C04F79EFBC}") = "observable_ceva", "observable_ceva\observable_ceva.csproj", "{30DC7956-2C9D-4CE0-8D29-B762AD8796A7}"
EndProject
Project("{FAE04EC0-301F-11D3-BF4B-00C04F79EFBC}") = "builder", "builder\builder.csproj", "{48299B7D-4ED0-41C5-BE62-6F24884BC937}"
EndProject
Global
	GlobalSection(SolutionConfigurationPlatforms) = preSolution
		Debug|Any CPU = Debug|Any CPU
		Release|Any CPU = Release|Any CPU
	EndGlobalSection
	GlobalSection(ProjectConfigurationPlatforms) = postSolution
		{62BD4549-1D85-4342-929C-E8F0AC820B1F}.Debug|Any CPU.ActiveCfg = Debug|Any CPU
		{62BD4549-1D85-4342-929C-E8F0AC820B1F}.Debug|Any CPU.Build.0 = Debug|Any CPU
		{62BD4549-1D85-4342-929C-E8F0AC820B1F}.Release|Any CPU.ActiveCfg = Release|Any CPU
		{62BD4549-1D85-4342-929C-E8F0AC820B1F}.Release|Any CPU.Build.0 = Release|Any CPU
		{DF0C1F72-5E5F-4B57-8FD2-99377896F5F2}.Debug|Any CPU.ActiveCfg = Debug|Any CPU
		{DF0C1F72-5E5F-4B57-8FD2-99377896F5F2}.Debug|Any CPU.Build.0 = Debug|Any CPU
		{DF0C1F72-5E5F-4B57-8FD2-99377896F5F2}.Release|Any CPU.ActiveCfg = Release|Any CPU
		{DF0C1F72-5E5F-4B57-8FD2-99377896F5F2}.Release|Any CPU.Build.0 = Release|Any CPU
		{30DC7956-2C9D-4CE0-8D29-B762AD8796A7}.Debug|Any CPU.ActiveCfg = Debug|Any CPU
		{30DC7956-2C9D-4CE0-8D29-B762AD8796A7}.Debug|Any CPU.Build.0 = Debug|Any CPU
		{30DC7956-2C9D-4CE0-8D29-B762AD8796A7}.Release|Any CPU.ActiveCfg = Release|Any CPU
		{30DC7956-2C9D-4CE0-8D29-B762AD8796A7}.Release|Any CPU.Build.0 = Release|Any CPU
		{48299B7D-4ED0-41C5-BE62-6F24884BC937}.Debug|Any CPU.ActiveCfg = Debug|Any CPU
		{48299B7D-4ED0-41C5-BE62-6F24884BC937}.Debug|Any CPU.Build.0 = Debug|Any CPU
		{48299B7D-4ED0-41C5-BE62-6F24884BC937}.Release|Any CPU.ActiveCfg = Release|Any CPU
		{48299B7D-4ED0-41C5-BE62-6F24884BC937}.Release|Any CPU.Build.0 = Release|Any CPU
	EndGlobalSection
	GlobalSection(NestedProjects) = preSolution
	EndGlobalSection
EndGlobal
